// !$*UTF8*$!
{
	archiveVersion = 1;
	classes = {
	};
	objectVersion = 46;
	objects = {

/* Begin PBXBuildFile section */
		0494A3B91AE73F8600AD3B11 /* JsonUploadData.m in Sources */ = {isa = PBXBuildFile; fileRef = 0494A3B81AE73F8600AD3B11 /* JsonUploadData.m */; };
		0494A3D61AE74C8600AD3B11 /* JSONKit.m in Sources */ = {isa = PBXBuildFile; fileRef = 0494A3D51AE74C8600AD3B11 /* JSONKit.m */; settings = {COMPILER_FLAGS = "-fno-objc-arc"; }; };
		0494A3D91AE7515000AD3B11 /* DecodeJsonData.m in Sources */ = {isa = PBXBuildFile; fileRef = 0494A3D81AE7515000AD3B11 /* DecodeJsonData.m */; };
		0494A3DC1AE77C3F00AD3B11 /* login.xib in Resources */ = {isa = PBXBuildFile; fileRef = 0494A3DB1AE77C3F00AD3B11 /* login.xib */; };
		0494A3DF1AE77D3900AD3B11 /* HttpUtils.m in Sources */ = {isa = PBXBuildFile; fileRef = 0494A3DE1AE77D3900AD3B11 /* HttpUtils.m */; };
		0494A3E91AE7A40300AD3B11 /* LoginController.m in Sources */ = {isa = PBXBuildFile; fileRef = 0494A3E81AE7A40300AD3B11 /* LoginController.m */; };
		049B5AC71AE6307900FFE171 /* main.m in Sources */ = {isa = PBXBuildFile; fileRef = 049B5AC61AE6307900FFE171 /* main.m */; };
		049B5ACA1AE6307900FFE171 /* AppDelegate.m in Sources */ = {isa = PBXBuildFile; fileRef = 049B5AC91AE6307900FFE171 /* AppDelegate.m */; };
		049B5ACD1AE6307900FFE171 /* PlatfromApp.xcdatamodeld in Sources */ = {isa = PBXBuildFile; fileRef = 049B5ACB1AE6307900FFE171 /* PlatfromApp.xcdatamodeld */; };
		049B5AD51AE6307900FFE171 /* Images.xcassets in Resources */ = {isa = PBXBuildFile; fileRef = 049B5AD41AE6307900FFE171 /* Images.xcassets */; };
		049B5AD81AE6307900FFE171 /* LaunchScreen.xib in Resources */ = {isa = PBXBuildFile; fileRef = 049B5AD61AE6307900FFE171 /* LaunchScreen.xib */; };
		049B5AE41AE6307900FFE171 /* PlatfromAppTests.m in Sources */ = {isa = PBXBuildFile; fileRef = 049B5AE31AE6307900FFE171 /* PlatfromAppTests.m */; };
		049B5B761AE631DB00FFE171 /* CoreTelephony.framework in Frameworks */ = {isa = PBXBuildFile; fileRef = 049B5B751AE631DB00FFE171 /* CoreTelephony.framework */; };
		049B5B781AE631E200FFE171 /* CoreFoundation.framework in Frameworks */ = {isa = PBXBuildFile; fileRef = 049B5B771AE631E200FFE171 /* CoreFoundation.framework */; };
		049B5B7A1AE631EA00FFE171 /* CoreData.framework in Frameworks */ = {isa = PBXBuildFile; fileRef = 049B5B791AE631EA00FFE171 /* CoreData.framework */; };
		049B5B7C1AE631F100FFE171 /* CoreText.framework in Frameworks */ = {isa = PBXBuildFile; fileRef = 049B5B7B1AE631F100FFE171 /* CoreText.framework */; };
		049B5B7E1AE631F900FFE171 /* QuartzCore.framework in Frameworks */ = {isa = PBXBuildFile; fileRef = 049B5B7D1AE631F900FFE171 /* QuartzCore.framework */; };
		049B5B841AE6321500FFE171 /* UIKit.framework in Frameworks */ = {isa = PBXBuildFile; fileRef = 049B5B831AE6321500FFE171 /* UIKit.framework */; };
		049B5BF01AE65DAB00FFE171 /* AFNNetworkController.m in Sources */ = {isa = PBXBuildFile; fileRef = 049B5B9C1AE65DAB00FFE171 /* AFNNetworkController.m */; };
		049B5BF11AE65DAB00FFE171 /* HomeController.m in Sources */ = {isa = PBXBuildFile; fileRef = 049B5B9E1AE65DAB00FFE171 /* HomeController.m */; };
		049B5BF21AE65DAB00FFE171 /* IndexFragmentController.m in Sources */ = {isa = PBXBuildFile; fileRef = 049B5BA01AE65DAB00FFE171 /* IndexFragmentController.m */; };
		049B5BF31AE65DAB00FFE171 /* IndexFragmentController.xib in Resources */ = {isa = PBXBuildFile; fileRef = 049B5BA11AE65DAB00FFE171 /* IndexFragmentController.xib */; };
		049B5BF41AE65DAB00FFE171 /* NMBottomTabBar.m in Sources */ = {isa = PBXBuildFile; fileRef = 049B5BA31AE65DAB00FFE171 /* NMBottomTabBar.m */; };
		049B5BF51AE65DAB00FFE171 /* NMBottomTabBarController.m in Sources */ = {isa = PBXBuildFile; fileRef = 049B5BA51AE65DAB00FFE171 /* NMBottomTabBarController.m */; };
		049B5BF61AE65DAB00FFE171 /* SqliteOperateController.m in Sources */ = {isa = PBXBuildFile; fileRef = 049B5BA71AE65DAB00FFE171 /* SqliteOperateController.m */; };
		049B5BF71AE65DAB00FFE171 /* calendar.png in Resources */ = {isa = PBXBuildFile; fileRef = 049B5BA91AE65DAB00FFE171 /* calendar.png */; };
		049B5BF81AE65DAB00FFE171 /* home.png in Resources */ = {isa = PBXBuildFile; fileRef = 049B5BAA1AE65DAB00FFE171 /* home.png */; };
		049B5BF91AE65DAB00FFE171 /* home@2x.png in Resources */ = {isa = PBXBuildFile; fileRef = 049B5BAB1AE65DAB00FFE171 /* home@2x.png */; };
		049B5BFA1AE65DAB00FFE171 /* profile.png in Resources */ = {isa = PBXBuildFile; fileRef = 049B5BAC1AE65DAB00FFE171 /* profile.png */; };
		049B5BFB1AE65DAB00FFE171 /* profile@2x.png in Resources */ = {isa = PBXBuildFile; fileRef = 049B5BAD1AE65DAB00FFE171 /* profile@2x.png */; };
		049B5BFC1AE65DAB00FFE171 /* selected.jpeg in Resources */ = {isa = PBXBuildFile; fileRef = 049B5BAE1AE65DAB00FFE171 /* selected.jpeg */; };
		049B5BFD1AE65DAB00FFE171 /* selected@2x.jpeg in Resources */ = {isa = PBXBuildFile; fileRef = 049B5BAF1AE65DAB00FFE171 /* selected@2x.jpeg */; };
		049B5BFE1AE65DAB00FFE171 /* separator.jpg in Resources */ = {isa = PBXBuildFile; fileRef = 049B5BB01AE65DAB00FFE171 /* separator.jpg */; };
		049B5BFF1AE65DAB00FFE171 /* separator@2x.jpg in Resources */ = {isa = PBXBuildFile; fileRef = 049B5BB11AE65DAB00FFE171 /* separator@2x.jpg */; };
		049B5C001AE65DAB00FFE171 /* settings.png in Resources */ = {isa = PBXBuildFile; fileRef = 049B5BB21AE65DAB00FFE171 /* settings.png */; };
		049B5C011AE65DAB00FFE171 /* settings@2x.png in Resources */ = {isa = PBXBuildFile; fileRef = 049B5BB31AE65DAB00FFE171 /* settings@2x.png */; };
		049B5C021AE65DAB00FFE171 /* unselected.jpeg in Resources */ = {isa = PBXBuildFile; fileRef = 049B5BB41AE65DAB00FFE171 /* unselected.jpeg */; };
		049B5C031AE65DAB00FFE171 /* unselected@2x.jpeg in Resources */ = {isa = PBXBuildFile; fileRef = 049B5BB51AE65DAB00FFE171 /* unselected@2x.jpeg */; };
		049B5C0D1AE65DAB00FFE171 /* FMDatabase.m in Sources */ = {isa = PBXBuildFile; fileRef = 049B5BCD1AE65DAB00FFE171 /* FMDatabase.m */; };
		049B5C0E1AE65DAB00FFE171 /* FMDatabaseAdditions.m in Sources */ = {isa = PBXBuildFile; fileRef = 049B5BCF1AE65DAB00FFE171 /* FMDatabaseAdditions.m */; };
		049B5C0F1AE65DAB00FFE171 /* FMDatabasePool.m in Sources */ = {isa = PBXBuildFile; fileRef = 049B5BD11AE65DAB00FFE171 /* FMDatabasePool.m */; };
		049B5C101AE65DAB00FFE171 /* FMDatabaseQueue.m in Sources */ = {isa = PBXBuildFile; fileRef = 049B5BD31AE65DAB00FFE171 /* FMDatabaseQueue.m */; };
		049B5C111AE65DAB00FFE171 /* FMResultSet.m in Sources */ = {isa = PBXBuildFile; fileRef = 049B5BD61AE65DAB00FFE171 /* FMResultSet.m */; };
		049B5C1A1AE65DAB00FFE171 /* GMDCircleLoader.m in Sources */ = {isa = PBXBuildFile; fileRef = 049B5BEC1AE65DAB00FFE171 /* GMDCircleLoader.m */; };
		049B5C1B1AE65DAB00FFE171 /* item_view.xib in Resources */ = {isa = PBXBuildFile; fileRef = 049B5BED1AE65DAB00FFE171 /* item_view.xib */; };
		049B5C1C1AE65DAB00FFE171 /* MyCustromCell.m in Sources */ = {isa = PBXBuildFile; fileRef = 049B5BEF1AE65DAB00FFE171 /* MyCustromCell.m */; };
		049B5C1F1AE65DEC00FFE171 /* ViewController.m in Sources */ = {isa = PBXBuildFile; fileRef = 049B5C1E1AE65DEC00FFE171 /* ViewController.m */; };
		049B5C221AE65E2E00FFE171 /* 开发过程中遇到的问题 in Resources */ = {isa = PBXBuildFile; fileRef = 049B5C201AE65E2E00FFE171 /* 开发过程中遇到的问题 */; };
		049B5C231AE65E2E00FFE171 /* 协议的使用和定义 in Resources */ = {isa = PBXBuildFile; fileRef = 049B5C211AE65E2E00FFE171 /* 协议的使用和定义 */; };
		BFBFA68F31CF712B709B892D /* libPods.a in Frameworks */ = {isa = PBXBuildFile; fileRef = 38B3A237CA50FFEC7ACDC1CD /* libPods.a */; };
		DC26A40D1AEF534B0053765A /* MJRefresh.bundle in Resources */ = {isa = PBXBuildFile; fileRef = DC26A3FD1AEF534B0053765A /* MJRefresh.bundle */; };
		DC26A40E1AEF534B0053765A /* MJRefreshBaseView.m in Sources */ = {isa = PBXBuildFile; fileRef = DC26A4001AEF534B0053765A /* MJRefreshBaseView.m */; };
		DC26A4101AEF534B0053765A /* MJRefreshFooterView.m in Sources */ = {isa = PBXBuildFile; fileRef = DC26A4041AEF534B0053765A /* MJRefreshFooterView.m */; };
		DC26A4111AEF534B0053765A /* MJRefreshHeaderView.m in Sources */ = {isa = PBXBuildFile; fileRef = DC26A4061AEF534B0053765A /* MJRefreshHeaderView.m */; };
		DC26A4121AEF534B0053765A /* UIScrollView+MJExtension.m in Sources */ = {isa = PBXBuildFile; fileRef = DC26A4081AEF534B0053765A /* UIScrollView+MJExtension.m */; };
		DC26A4131AEF534B0053765A /* UIScrollView+MJRefresh.m in Sources */ = {isa = PBXBuildFile; fileRef = DC26A40A1AEF534B0053765A /* UIScrollView+MJRefresh.m */; };
		DC26A4141AEF534B0053765A /* UIView+MJExtension.m in Sources */ = {isa = PBXBuildFile; fileRef = DC26A40C1AEF534B0053765A /* UIView+MJExtension.m */; };
		DC26A4181AEF57FD0053765A /* MJRefreshConst.m in Sources */ = {isa = PBXBuildFile; fileRef = DC26A4171AEF57FD0053765A /* MJRefreshConst.m */; };
		DC26A4261AEF5B540053765A /* MJCollectionViewController.m in Sources */ = {isa = PBXBuildFile; fileRef = DC26A41C1AEF5B540053765A /* MJCollectionViewController.m */; };
		DC26A4271AEF5B540053765A /* MJNavigationController.m in Sources */ = {isa = PBXBuildFile; fileRef = DC26A41E1AEF5B540053765A /* MJNavigationController.m */; };
		DC26A4281AEF5B540053765A /* MJSampleIndexViewController.m in Sources */ = {isa = PBXBuildFile; fileRef = DC26A4201AEF5B540053765A /* MJSampleIndexViewController.m */; };
		DC26A4291AEF5B540053765A /* MJTableViewController.m in Sources */ = {isa = PBXBuildFile; fileRef = DC26A4221AEF5B540053765A /* MJTableViewController.m */; };
		DC26A42A1AEF5B540053765A /* MJTestViewController.m in Sources */ = {isa = PBXBuildFile; fileRef = DC26A4241AEF5B540053765A /* MJTestViewController.m */; };
		DC26A42B1AEF5B540053765A /* MJTestViewController.xib in Resources */ = {isa = PBXBuildFile; fileRef = DC26A4251AEF5B540053765A /* MJTestViewController.xib */; };
		DC26A42F1AEF5B890053765A /* MJSampleIndex.m in Sources */ = {isa = PBXBuildFile; fileRef = DC26A42E1AEF5B890053765A /* MJSampleIndex.m */; };
		DC26A4321AEF7F5E0053765A /* libsqlite3.dylib in Frameworks */ = {isa = PBXBuildFile; fileRef = DC26A4311AEF7F5E0053765A /* libsqlite3.dylib */; };
		DC3C7A131AEA37A300096215 /* RegisterController.m in Sources */ = {isa = PBXBuildFile; fileRef = DC3C7A121AEA37A300096215 /* RegisterController.m */; };
		DC3C7A171AEA489600096215 /* register.xib in Resources */ = {isa = PBXBuildFile; fileRef = DC3C7A161AEA489600096215 /* register.xib */; };
		DC55DA361AF0708700E300DB /* ImageViewController.m in Sources */ = {isa = PBXBuildFile; fileRef = DC55DA311AF0708700E300DB /* ImageViewController.m */; };
		DC55DA371AF0708700E300DB /* MainViewController.m in Sources */ = {isa = PBXBuildFile; fileRef = DC55DA331AF0708700E300DB /* MainViewController.m */; };
		DC55DA381AF0708700E300DB /* TableViewController.m in Sources */ = {isa = PBXBuildFile; fileRef = DC55DA351AF0708700E300DB /* TableViewController.m */; };
		DC55DA421AF0CB5200E300DB /* TakePhotoController.m in Sources */ = {isa = PBXBuildFile; fileRef = DC55DA401AF0CB5200E300DB /* TakePhotoController.m */; };
		DC55DA431AF0CB5200E300DB /* TakePhotoController.xib in Resources */ = {isa = PBXBuildFile; fileRef = DC55DA411AF0CB5200E300DB /* TakePhotoController.xib */; };
		DC55DA491AF0E88F00E300DB /* EAIntroPage.m in Sources */ = {isa = PBXBuildFile; fileRef = DC55DA461AF0E88F00E300DB /* EAIntroPage.m */; };
		DC55DA4A1AF0E88F00E300DB /* EAIntroView.m in Sources */ = {isa = PBXBuildFile; fileRef = DC55DA481AF0E88F00E300DB /* EAIntroView.m */; };
		DC55DA4D1AF0E8AD00E300DB /* WelcomeController.m in Sources */ = {isa = PBXBuildFile; fileRef = DC55DA4C1AF0E8AD00E300DB /* WelcomeController.m */; };
		DC55DA4E1AF0E98800E300DB /* CoreGraphics.framework in Frameworks */ = {isa = PBXBuildFile; fileRef = 049B5B7F1AE6320200FFE171 /* CoreGraphics.framework */; };
		DC55DA561AF0EAED00E300DB /* 1.png in Resources */ = {isa = PBXBuildFile; fileRef = DC55DA531AF0EAED00E300DB /* 1.png */; };
		DC55DA571AF0EAED00E300DB /* 2.png in Resources */ = {isa = PBXBuildFile; fileRef = DC55DA541AF0EAED00E300DB /* 2.png */; };
		DC55DA581AF0EAED00E300DB /* 3.png in Resources */ = {isa = PBXBuildFile; fileRef = DC55DA551AF0EAED00E300DB /* 3.png */; };
/* End PBXBuildFile section */

/* Begin PBXContainerItemProxy section */
		049B5ADE1AE6307900FFE171 /* PBXContainerItemProxy */ = {
			isa = PBXContainerItemProxy;
			containerPortal = 049B5AB91AE6307900FFE171 /* Project object */;
			proxyType = 1;
			remoteGlobalIDString = 049B5AC01AE6307900FFE171;
			remoteInfo = PlatfromApp;
		};
/* End PBXContainerItemProxy section */

/* Begin PBXFileReference section */
		0494A3B71AE73F8600AD3B11 /* JsonUploadData.h */ = {isa = PBXFileReference; fileEncoding = 4; lastKnownFileType = sourcecode.c.h; path = JsonUploadData.h; sourceTree = "<group>"; };
		0494A3B81AE73F8600AD3B11 /* JsonUploadData.m */ = {isa = PBXFileReference; fileEncoding = 4; lastKnownFileType = sourcecode.c.objc; path = JsonUploadData.m; sourceTree = "<group>"; };
		0494A3D11AE746B600AD3B11 /* ActiveBean.h */ = {isa = PBXFileReference; fileEncoding = 4; lastKnownFileType = sourcecode.c.h; path = ActiveBean.h; sourceTree = "<group>"; };
		0494A3D41AE74C8600AD3B11 /* JSONKit.h */ = {isa = PBXFileReference; fileEncoding = 4; lastKnownFileType = sourcecode.c.h; path = JSONKit.h; sourceTree = "<group>"; };
		0494A3D51AE74C8600AD3B11 /* JSONKit.m */ = {isa = PBXFileReference; fileEncoding = 4; lastKnownFileType = sourcecode.c.objc; path = JSONKit.m; sourceTree = "<group>"; };
		0494A3D71AE7515000AD3B11 /* DecodeJsonData.h */ = {isa = PBXFileReference; fileEncoding = 4; lastKnownFileType = sourcecode.c.h; path = DecodeJsonData.h; sourceTree = "<group>"; };
		0494A3D81AE7515000AD3B11 /* DecodeJsonData.m */ = {isa = PBXFileReference; fileEncoding = 4; lastKnownFileType = sourcecode.c.objc; path = DecodeJsonData.m; sourceTree = "<group>"; };
		0494A3DA1AE753F900AD3B11 /* DecodePlatFormResultProtocol.h */ = {isa = PBXFileReference; fileEncoding = 4; lastKnownFileType = sourcecode.c.h; path = DecodePlatFormResultProtocol.h; sourceTree = "<group>"; };
		0494A3DB1AE77C3F00AD3B11 /* login.xib */ = {isa = PBXFileReference; fileEncoding = 4; lastKnownFileType = file.xib; path = login.xib; sourceTree = "<group>"; };
		0494A3DD1AE77D3900AD3B11 /* HttpUtils.h */ = {isa = PBXFileReference; fileEncoding = 4; lastKnownFileType = sourcecode.c.h; path = HttpUtils.h; sourceTree = "<group>"; };
		0494A3DE1AE77D3900AD3B11 /* HttpUtils.m */ = {isa = PBXFileReference; fileEncoding = 4; lastKnownFileType = sourcecode.c.objc; path = HttpUtils.m; sourceTree = "<group>"; };
		0494A3E41AE79F5800AD3B11 /* Define.h */ = {isa = PBXFileReference; fileEncoding = 4; lastKnownFileType = sourcecode.c.h; path = Define.h; sourceTree = "<group>"; };
		0494A3E71AE7A40300AD3B11 /* LoginController.h */ = {isa = PBXFileReference; fileEncoding = 4; lastKnownFileType = sourcecode.c.h; path = LoginController.h; sourceTree = "<group>"; };
		0494A3E81AE7A40300AD3B11 /* LoginController.m */ = {isa = PBXFileReference; fileEncoding = 4; lastKnownFileType = sourcecode.c.objc; path = LoginController.m; sourceTree = "<group>"; };
		049B5AC11AE6307900FFE171 /* PlatfromApp.app */ = {isa = PBXFileReference; explicitFileType = wrapper.application; includeInIndex = 0; path = PlatfromApp.app; sourceTree = BUILT_PRODUCTS_DIR; };
		049B5AC51AE6307900FFE171 /* Info.plist */ = {isa = PBXFileReference; lastKnownFileType = text.plist.xml; path = Info.plist; sourceTree = "<group>"; };
		049B5AC61AE6307900FFE171 /* main.m */ = {isa = PBXFileReference; lastKnownFileType = sourcecode.c.objc; path = main.m; sourceTree = "<group>"; };
		049B5AC81AE6307900FFE171 /* AppDelegate.h */ = {isa = PBXFileReference; lastKnownFileType = sourcecode.c.h; path = AppDelegate.h; sourceTree = "<group>"; };
		049B5AC91AE6307900FFE171 /* AppDelegate.m */ = {isa = PBXFileReference; lastKnownFileType = sourcecode.c.objc; path = AppDelegate.m; sourceTree = "<group>"; };
		049B5ACC1AE6307900FFE171 /* PlatfromApp.xcdatamodel */ = {isa = PBXFileReference; lastKnownFileType = wrapper.xcdatamodel; path = PlatfromApp.xcdatamodel; sourceTree = "<group>"; };
		049B5AD41AE6307900FFE171 /* Images.xcassets */ = {isa = PBXFileReference; lastKnownFileType = folder.assetcatalog; path = Images.xcassets; sourceTree = "<group>"; };
		049B5AD71AE6307900FFE171 /* Base */ = {isa = PBXFileReference; lastKnownFileType = file.xib; name = Base; path = Base.lproj/LaunchScreen.xib; sourceTree = "<group>"; };
		049B5ADD1AE6307900FFE171 /* PlatfromAppTests.xctest */ = {isa = PBXFileReference; explicitFileType = wrapper.cfbundle; includeInIndex = 0; path = PlatfromAppTests.xctest; sourceTree = BUILT_PRODUCTS_DIR; };
		049B5AE21AE6307900FFE171 /* Info.plist */ = {isa = PBXFileReference; lastKnownFileType = text.plist.xml; path = Info.plist; sourceTree = "<group>"; };
		049B5AE31AE6307900FFE171 /* PlatfromAppTests.m */ = {isa = PBXFileReference; lastKnownFileType = sourcecode.c.objc; path = PlatfromAppTests.m; sourceTree = "<group>"; };
		049B5B731AE6319200FFE171 /* libsqlite3.0.dylib */ = {isa = PBXFileReference; lastKnownFileType = "compiled.mach-o.dylib"; name = libsqlite3.0.dylib; path = usr/lib/libsqlite3.0.dylib; sourceTree = SDKROOT; };
		049B5B751AE631DB00FFE171 /* CoreTelephony.framework */ = {isa = PBXFileReference; lastKnownFileType = wrapper.framework; name = CoreTelephony.framework; path = System/Library/Frameworks/CoreTelephony.framework; sourceTree = SDKROOT; };
		049B5B771AE631E200FFE171 /* CoreFoundation.framework */ = {isa = PBXFileReference; lastKnownFileType = wrapper.framework; name = CoreFoundation.framework; path = System/Library/Frameworks/CoreFoundation.framework; sourceTree = SDKROOT; };
		049B5B791AE631EA00FFE171 /* CoreData.framework */ = {isa = PBXFileReference; lastKnownFileType = wrapper.framework; name = CoreData.framework; path = System/Library/Frameworks/CoreData.framework; sourceTree = SDKROOT; };
		049B5B7B1AE631F100FFE171 /* CoreText.framework */ = {isa = PBXFileReference; lastKnownFileType = wrapper.framework; name = CoreText.framework; path = System/Library/Frameworks/CoreText.framework; sourceTree = SDKROOT; };
		049B5B7D1AE631F900FFE171 /* QuartzCore.framework */ = {isa = PBXFileReference; lastKnownFileType = wrapper.framework; name = QuartzCore.framework; path = System/Library/Frameworks/QuartzCore.framework; sourceTree = SDKROOT; };
		049B5B7F1AE6320200FFE171 /* CoreGraphics.framework */ = {isa = PBXFileReference; lastKnownFileType = wrapper.framework; name = CoreGraphics.framework; path = System/Library/Frameworks/CoreGraphics.framework; sourceTree = SDKROOT; };
		049B5B811AE6320A00FFE171 /* Foundation.framework */ = {isa = PBXFileReference; lastKnownFileType = wrapper.framework; name = Foundation.framework; path = System/Library/Frameworks/Foundation.framework; sourceTree = SDKROOT; };
		049B5B831AE6321500FFE171 /* UIKit.framework */ = {isa = PBXFileReference; lastKnownFileType = wrapper.framework; name = UIKit.framework; path = System/Library/Frameworks/UIKit.framework; sourceTree = SDKROOT; };
		049B5B851AE6321D00FFE171 /* Security.framework */ = {isa = PBXFileReference; lastKnownFileType = wrapper.framework; name = Security.framework; path = System/Library/Frameworks/Security.framework; sourceTree = SDKROOT; };
		049B5B871AE6322500FFE171 /* MobileCoreServices.framework */ = {isa = PBXFileReference; lastKnownFileType = wrapper.framework; name = MobileCoreServices.framework; path = System/Library/Frameworks/MobileCoreServices.framework; sourceTree = SDKROOT; };
		049B5B891AE6325400FFE171 /* SystemConfiguration.framework */ = {isa = PBXFileReference; lastKnownFileType = wrapper.framework; name = SystemConfiguration.framework; path = System/Library/Frameworks/SystemConfiguration.framework; sourceTree = SDKROOT; };
		049B5B8B1AE6325B00FFE171 /* CoreLocation.framework */ = {isa = PBXFileReference; lastKnownFileType = wrapper.framework; name = CoreLocation.framework; path = System/Library/Frameworks/CoreLocation.framework; sourceTree = SDKROOT; };
		049B5B9B1AE65DAB00FFE171 /* AFNNetworkController.h */ = {isa = PBXFileReference; fileEncoding = 4; lastKnownFileType = sourcecode.c.h; path = AFNNetworkController.h; sourceTree = "<group>"; };
		049B5B9C1AE65DAB00FFE171 /* AFNNetworkController.m */ = {isa = PBXFileReference; fileEncoding = 4; lastKnownFileType = sourcecode.c.objc; path = AFNNetworkController.m; sourceTree = "<group>"; };
		049B5B9D1AE65DAB00FFE171 /* HomeController.h */ = {isa = PBXFileReference; fileEncoding = 4; lastKnownFileType = sourcecode.c.h; path = HomeController.h; sourceTree = "<group>"; };
		049B5B9E1AE65DAB00FFE171 /* HomeController.m */ = {isa = PBXFileReference; fileEncoding = 4; lastKnownFileType = sourcecode.c.objc; path = HomeController.m; sourceTree = "<group>"; };
		049B5B9F1AE65DAB00FFE171 /* IndexFragmentController.h */ = {isa = PBXFileReference; fileEncoding = 4; lastKnownFileType = sourcecode.c.h; path = IndexFragmentController.h; sourceTree = "<group>"; };
		049B5BA01AE65DAB00FFE171 /* IndexFragmentController.m */ = {isa = PBXFileReference; fileEncoding = 4; lastKnownFileType = sourcecode.c.objc; path = IndexFragmentController.m; sourceTree = "<group>"; };
		049B5BA11AE65DAB00FFE171 /* IndexFragmentController.xib */ = {isa = PBXFileReference; fileEncoding = 4; lastKnownFileType = file.xib; path = IndexFragmentController.xib; sourceTree = "<group>"; };
		049B5BA21AE65DAB00FFE171 /* NMBottomTabBar.h */ = {isa = PBXFileReference; fileEncoding = 4; lastKnownFileType = sourcecode.c.h; path = NMBottomTabBar.h; sourceTree = "<group>"; };
		049B5BA31AE65DAB00FFE171 /* NMBottomTabBar.m */ = {isa = PBXFileReference; fileEncoding = 4; lastKnownFileType = sourcecode.c.objc; path = NMBottomTabBar.m; sourceTree = "<group>"; };
		049B5BA41AE65DAB00FFE171 /* NMBottomTabBarController.h */ = {isa = PBXFileReference; fileEncoding = 4; lastKnownFileType = sourcecode.c.h; path = NMBottomTabBarController.h; sourceTree = "<group>"; };
		049B5BA51AE65DAB00FFE171 /* NMBottomTabBarController.m */ = {isa = PBXFileReference; fileEncoding = 4; lastKnownFileType = sourcecode.c.objc; path = NMBottomTabBarController.m; sourceTree = "<group>"; };
		049B5BA61AE65DAB00FFE171 /* SqliteOperateController.h */ = {isa = PBXFileReference; fileEncoding = 4; lastKnownFileType = sourcecode.c.h; path = SqliteOperateController.h; sourceTree = "<group>"; };
		049B5BA71AE65DAB00FFE171 /* SqliteOperateController.m */ = {isa = PBXFileReference; fileEncoding = 4; lastKnownFileType = sourcecode.c.objc; path = SqliteOperateController.m; sourceTree = "<group>"; };
		049B5BA91AE65DAB00FFE171 /* calendar.png */ = {isa = PBXFileReference; lastKnownFileType = image.png; path = calendar.png; sourceTree = "<group>"; };
		049B5BAA1AE65DAB00FFE171 /* home.png */ = {isa = PBXFileReference; lastKnownFileType = image.png; path = home.png; sourceTree = "<group>"; };
		049B5BAB1AE65DAB00FFE171 /* home@2x.png */ = {isa = PBXFileReference; lastKnownFileType = image.png; path = "home@2x.png"; sourceTree = "<group>"; };
		049B5BAC1AE65DAB00FFE171 /* profile.png */ = {isa = PBXFileReference; lastKnownFileType = image.png; path = profile.png; sourceTree = "<group>"; };
		049B5BAD1AE65DAB00FFE171 /* profile@2x.png */ = {isa = PBXFileReference; lastKnownFileType = image.png; path = "profile@2x.png"; sourceTree = "<group>"; };
		049B5BAE1AE65DAB00FFE171 /* selected.jpeg */ = {isa = PBXFileReference; lastKnownFileType = image.jpeg; path = selected.jpeg; sourceTree = "<group>"; };
		049B5BAF1AE65DAB00FFE171 /* selected@2x.jpeg */ = {isa = PBXFileReference; lastKnownFileType = image.jpeg; path = "selected@2x.jpeg"; sourceTree = "<group>"; };
		049B5BB01AE65DAB00FFE171 /* separator.jpg */ = {isa = PBXFileReference; lastKnownFileType = image.jpeg; path = separator.jpg; sourceTree = "<group>"; };
		049B5BB11AE65DAB00FFE171 /* separator@2x.jpg */ = {isa = PBXFileReference; lastKnownFileType = image.jpeg; path = "separator@2x.jpg"; sourceTree = "<group>"; };
		049B5BB21AE65DAB00FFE171 /* settings.png */ = {isa = PBXFileReference; lastKnownFileType = image.png; path = settings.png; sourceTree = "<group>"; };
		049B5BB31AE65DAB00FFE171 /* settings@2x.png */ = {isa = PBXFileReference; lastKnownFileType = image.png; path = "settings@2x.png"; sourceTree = "<group>"; };
		049B5BB41AE65DAB00FFE171 /* unselected.jpeg */ = {isa = PBXFileReference; lastKnownFileType = image.jpeg; path = unselected.jpeg; sourceTree = "<group>"; };
		049B5BB51AE65DAB00FFE171 /* unselected@2x.jpeg */ = {isa = PBXFileReference; lastKnownFileType = image.jpeg; path = "unselected@2x.jpeg"; sourceTree = "<group>"; };
		049B5BCC1AE65DAB00FFE171 /* FMDatabase.h */ = {isa = PBXFileReference; fileEncoding = 4; lastKnownFileType = sourcecode.c.h; path = FMDatabase.h; sourceTree = "<group>"; };
		049B5BCD1AE65DAB00FFE171 /* FMDatabase.m */ = {isa = PBXFileReference; fileEncoding = 4; lastKnownFileType = sourcecode.c.objc; path = FMDatabase.m; sourceTree = "<group>"; };
		049B5BCE1AE65DAB00FFE171 /* FMDatabaseAdditions.h */ = {isa = PBXFileReference; fileEncoding = 4; lastKnownFileType = sourcecode.c.h; path = FMDatabaseAdditions.h; sourceTree = "<group>"; };
		049B5BCF1AE65DAB00FFE171 /* FMDatabaseAdditions.m */ = {isa = PBXFileReference; fileEncoding = 4; lastKnownFileType = sourcecode.c.objc; path = FMDatabaseAdditions.m; sourceTree = "<group>"; };
		049B5BD01AE65DAB00FFE171 /* FMDatabasePool.h */ = {isa = PBXFileReference; fileEncoding = 4; lastKnownFileType = sourcecode.c.h; path = FMDatabasePool.h; sourceTree = "<group>"; };
		049B5BD11AE65DAB00FFE171 /* FMDatabasePool.m */ = {isa = PBXFileReference; fileEncoding = 4; lastKnownFileType = sourcecode.c.objc; path = FMDatabasePool.m; sourceTree = "<group>"; };
		049B5BD21AE65DAB00FFE171 /* FMDatabaseQueue.h */ = {isa = PBXFileReference; fileEncoding = 4; lastKnownFileType = sourcecode.c.h; path = FMDatabaseQueue.h; sourceTree = "<group>"; };
		049B5BD31AE65DAB00FFE171 /* FMDatabaseQueue.m */ = {isa = PBXFileReference; fileEncoding = 4; lastKnownFileType = sourcecode.c.objc; path = FMDatabaseQueue.m; sourceTree = "<group>"; };
		049B5BD41AE65DAB00FFE171 /* FMDB.h */ = {isa = PBXFileReference; fileEncoding = 4; lastKnownFileType = sourcecode.c.h; path = FMDB.h; sourceTree = "<group>"; };
		049B5BD51AE65DAB00FFE171 /* FMResultSet.h */ = {isa = PBXFileReference; fileEncoding = 4; lastKnownFileType = sourcecode.c.h; path = FMResultSet.h; sourceTree = "<group>"; };
		049B5BD61AE65DAB00FFE171 /* FMResultSet.m */ = {isa = PBXFileReference; fileEncoding = 4; lastKnownFileType = sourcecode.c.objc; path = FMResultSet.m; sourceTree = "<group>"; };
		049B5BEB1AE65DAB00FFE171 /* GMDCircleLoader.h */ = {isa = PBXFileReference; fileEncoding = 4; lastKnownFileType = sourcecode.c.h; path = GMDCircleLoader.h; sourceTree = "<group>"; };
		049B5BEC1AE65DAB00FFE171 /* GMDCircleLoader.m */ = {isa = PBXFileReference; fileEncoding = 4; lastKnownFileType = sourcecode.c.objc; path = GMDCircleLoader.m; sourceTree = "<group>"; };
		049B5BED1AE65DAB00FFE171 /* item_view.xib */ = {isa = PBXFileReference; fileEncoding = 4; lastKnownFileType = file.xib; path = item_view.xib; sourceTree = "<group>"; };
		049B5BEE1AE65DAB00FFE171 /* MyCustromCell.h */ = {isa = PBXFileReference; fileEncoding = 4; lastKnownFileType = sourcecode.c.h; path = MyCustromCell.h; sourceTree = "<group>"; };
		049B5BEF1AE65DAB00FFE171 /* MyCustromCell.m */ = {isa = PBXFileReference; fileEncoding = 4; lastKnownFileType = sourcecode.c.objc; path = MyCustromCell.m; sourceTree = "<group>"; };
		049B5C1D1AE65DEC00FFE171 /* ViewController.h */ = {isa = PBXFileReference; fileEncoding = 4; lastKnownFileType = sourcecode.c.h; path = ViewController.h; sourceTree = "<group>"; };
		049B5C1E1AE65DEC00FFE171 /* ViewController.m */ = {isa = PBXFileReference; fileEncoding = 4; lastKnownFileType = sourcecode.c.objc; path = ViewController.m; sourceTree = "<group>"; };
		049B5C201AE65E2E00FFE171 /* 开发过程中遇到的问题 */ = {isa = PBXFileReference; fileEncoding = 4; lastKnownFileType = text; path = "开发过程中遇到的问题"; sourceTree = SOURCE_ROOT; };
		049B5C211AE65E2E00FFE171 /* 协议的使用和定义 */ = {isa = PBXFileReference; fileEncoding = 4; lastKnownFileType = text; path = "协议的使用和定义"; sourceTree = SOURCE_ROOT; };
		38B3A237CA50FFEC7ACDC1CD /* libPods.a */ = {isa = PBXFileReference; explicitFileType = archive.ar; includeInIndex = 0; path = libPods.a; sourceTree = BUILT_PRODUCTS_DIR; };
		781B3FF7E2B31D4EF7B46E8C /* Pods.release.xcconfig */ = {isa = PBXFileReference; includeInIndex = 1; lastKnownFileType = text.xcconfig; name = Pods.release.xcconfig; path = "Pods/Target Support Files/Pods/Pods.release.xcconfig"; sourceTree = "<group>"; };
		DC26A3FD1AEF534B0053765A /* MJRefresh.bundle */ = {isa = PBXFileReference; lastKnownFileType = "wrapper.plug-in"; path = MJRefresh.bundle; sourceTree = "<group>"; };
		DC26A3FE1AEF534B0053765A /* MJRefresh.h */ = {isa = PBXFileReference; fileEncoding = 4; lastKnownFileType = sourcecode.c.h; path = MJRefresh.h; sourceTree = "<group>"; };
		DC26A3FF1AEF534B0053765A /* MJRefreshBaseView.h */ = {isa = PBXFileReference; fileEncoding = 4; lastKnownFileType = sourcecode.c.h; path = MJRefreshBaseView.h; sourceTree = "<group>"; };
		DC26A4001AEF534B0053765A /* MJRefreshBaseView.m */ = {isa = PBXFileReference; fileEncoding = 4; lastKnownFileType = sourcecode.c.objc; path = MJRefreshBaseView.m; sourceTree = "<group>"; };
		DC26A4011AEF534B0053765A /* MJRefreshConst.h */ = {isa = PBXFileReference; fileEncoding = 4; lastKnownFileType = sourcecode.c.h; path = MJRefreshConst.h; sourceTree = "<group>"; };
		DC26A4031AEF534B0053765A /* MJRefreshFooterView.h */ = {isa = PBXFileReference; fileEncoding = 4; lastKnownFileType = sourcecode.c.h; path = MJRefreshFooterView.h; sourceTree = "<group>"; };
		DC26A4041AEF534B0053765A /* MJRefreshFooterView.m */ = {isa = PBXFileReference; fileEncoding = 4; lastKnownFileType = sourcecode.c.objc; path = MJRefreshFooterView.m; sourceTree = "<group>"; };
		DC26A4051AEF534B0053765A /* MJRefreshHeaderView.h */ = {isa = PBXFileReference; fileEncoding = 4; lastKnownFileType = sourcecode.c.h; path = MJRefreshHeaderView.h; sourceTree = "<group>"; };
		DC26A4061AEF534B0053765A /* MJRefreshHeaderView.m */ = {isa = PBXFileReference; fileEncoding = 4; lastKnownFileType = sourcecode.c.objc; path = MJRefreshHeaderView.m; sourceTree = "<group>"; };
		DC26A4071AEF534B0053765A /* UIScrollView+MJExtension.h */ = {isa = PBXFileReference; fileEncoding = 4; lastKnownFileType = sourcecode.c.h; path = "UIScrollView+MJExtension.h"; sourceTree = "<group>"; };
		DC26A4081AEF534B0053765A /* UIScrollView+MJExtension.m */ = {isa = PBXFileReference; fileEncoding = 4; lastKnownFileType = sourcecode.c.objc; path = "UIScrollView+MJExtension.m"; sourceTree = "<group>"; };
		DC26A4091AEF534B0053765A /* UIScrollView+MJRefresh.h */ = {isa = PBXFileReference; fileEncoding = 4; lastKnownFileType = sourcecode.c.h; path = "UIScrollView+MJRefresh.h"; sourceTree = "<group>"; };
		DC26A40A1AEF534B0053765A /* UIScrollView+MJRefresh.m */ = {isa = PBXFileReference; fileEncoding = 4; lastKnownFileType = sourcecode.c.objc; path = "UIScrollView+MJRefresh.m"; sourceTree = "<group>"; };
		DC26A40B1AEF534B0053765A /* UIView+MJExtension.h */ = {isa = PBXFileReference; fileEncoding = 4; lastKnownFileType = sourcecode.c.h; path = "UIView+MJExtension.h"; sourceTree = "<group>"; };
		DC26A40C1AEF534B0053765A /* UIView+MJExtension.m */ = {isa = PBXFileReference; fileEncoding = 4; lastKnownFileType = sourcecode.c.objc; path = "UIView+MJExtension.m"; sourceTree = "<group>"; };
		DC26A4171AEF57FD0053765A /* MJRefreshConst.m */ = {isa = PBXFileReference; fileEncoding = 4; lastKnownFileType = sourcecode.c.objc; path = MJRefreshConst.m; sourceTree = "<group>"; };
		DC26A41B1AEF5B540053765A /* MJCollectionViewController.h */ = {isa = PBXFileReference; fileEncoding = 4; lastKnownFileType = sourcecode.c.h; path = MJCollectionViewController.h; sourceTree = "<group>"; };
		DC26A41C1AEF5B540053765A /* MJCollectionViewController.m */ = {isa = PBXFileReference; fileEncoding = 4; lastKnownFileType = sourcecode.c.objc; path = MJCollectionViewController.m; sourceTree = "<group>"; };
		DC26A41D1AEF5B540053765A /* MJNavigationController.h */ = {isa = PBXFileReference; fileEncoding = 4; lastKnownFileType = sourcecode.c.h; path = MJNavigationController.h; sourceTree = "<group>"; };
		DC26A41E1AEF5B540053765A /* MJNavigationController.m */ = {isa = PBXFileReference; fileEncoding = 4; lastKnownFileType = sourcecode.c.objc; path = MJNavigationController.m; sourceTree = "<group>"; };
		DC26A41F1AEF5B540053765A /* MJSampleIndexViewController.h */ = {isa = PBXFileReference; fileEncoding = 4; lastKnownFileType = sourcecode.c.h; path = MJSampleIndexViewController.h; sourceTree = "<group>"; };
		DC26A4201AEF5B540053765A /* MJSampleIndexViewController.m */ = {isa = PBXFileReference; fileEncoding = 4; lastKnownFileType = sourcecode.c.objc; path = MJSampleIndexViewController.m; sourceTree = "<group>"; };
		DC26A4211AEF5B540053765A /* MJTableViewController.h */ = {isa = PBXFileReference; fileEncoding = 4; lastKnownFileType = sourcecode.c.h; path = MJTableViewController.h; sourceTree = "<group>"; };
		DC26A4221AEF5B540053765A /* MJTableViewController.m */ = {isa = PBXFileReference; fileEncoding = 4; lastKnownFileType = sourcecode.c.objc; path = MJTableViewController.m; sourceTree = "<group>"; };
		DC26A4231AEF5B540053765A /* MJTestViewController.h */ = {isa = PBXFileReference; fileEncoding = 4; lastKnownFileType = sourcecode.c.h; path = MJTestViewController.h; sourceTree = "<group>"; };
		DC26A4241AEF5B540053765A /* MJTestViewController.m */ = {isa = PBXFileReference; fileEncoding = 4; lastKnownFileType = sourcecode.c.objc; path = MJTestViewController.m; sourceTree = "<group>"; };
		DC26A4251AEF5B540053765A /* MJTestViewController.xib */ = {isa = PBXFileReference; fileEncoding = 4; lastKnownFileType = file.xib; path = MJTestViewController.xib; sourceTree = "<group>"; };
		DC26A42D1AEF5B890053765A /* MJSampleIndex.h */ = {isa = PBXFileReference; fileEncoding = 4; lastKnownFileType = sourcecode.c.h; path = MJSampleIndex.h; sourceTree = "<group>"; };
		DC26A42E1AEF5B890053765A /* MJSampleIndex.m */ = {isa = PBXFileReference; fileEncoding = 4; lastKnownFileType = sourcecode.c.objc; path = MJSampleIndex.m; sourceTree = "<group>"; };
		DC26A4311AEF7F5E0053765A /* libsqlite3.dylib */ = {isa = PBXFileReference; lastKnownFileType = "compiled.mach-o.dylib"; name = libsqlite3.dylib; path = usr/lib/libsqlite3.dylib; sourceTree = SDKROOT; };
		DC3C7A111AEA37A300096215 /* RegisterController.h */ = {isa = PBXFileReference; fileEncoding = 4; lastKnownFileType = sourcecode.c.h; path = RegisterController.h; sourceTree = "<group>"; };
		DC3C7A121AEA37A300096215 /* RegisterController.m */ = {isa = PBXFileReference; fileEncoding = 4; lastKnownFileType = sourcecode.c.objc; path = RegisterController.m; sourceTree = "<group>"; };
		DC3C7A161AEA489600096215 /* register.xib */ = {isa = PBXFileReference; fileEncoding = 4; lastKnownFileType = file.xib; path = register.xib; sourceTree = "<group>"; };
		DC55DA301AF0708700E300DB /* ImageViewController.h */ = {isa = PBXFileReference; fileEncoding = 4; lastKnownFileType = sourcecode.c.h; path = ImageViewController.h; sourceTree = "<group>"; };
		DC55DA311AF0708700E300DB /* ImageViewController.m */ = {isa = PBXFileReference; fileEncoding = 4; lastKnownFileType = sourcecode.c.objc; path = ImageViewController.m; sourceTree = "<group>"; };
		DC55DA321AF0708700E300DB /* MainViewController.h */ = {isa = PBXFileReference; fileEncoding = 4; lastKnownFileType = sourcecode.c.h; path = MainViewController.h; sourceTree = "<group>"; };
		DC55DA331AF0708700E300DB /* MainViewController.m */ = {isa = PBXFileReference; fileEncoding = 4; lastKnownFileType = sourcecode.c.objc; path = MainViewController.m; sourceTree = "<group>"; };
		DC55DA341AF0708700E300DB /* TableViewController.h */ = {isa = PBXFileReference; fileEncoding = 4; lastKnownFileType = sourcecode.c.h; path = TableViewController.h; sourceTree = "<group>"; };
		DC55DA351AF0708700E300DB /* TableViewController.m */ = {isa = PBXFileReference; fileEncoding = 4; lastKnownFileType = sourcecode.c.objc; path = TableViewController.m; sourceTree = "<group>"; };
		DC55DA3F1AF0CB5200E300DB /* TakePhotoController.h */ = {isa = PBXFileReference; fileEncoding = 4; lastKnownFileType = sourcecode.c.h; path = TakePhotoController.h; sourceTree = "<group>"; };
		DC55DA401AF0CB5200E300DB /* TakePhotoController.m */ = {isa = PBXFileReference; fileEncoding = 4; lastKnownFileType = sourcecode.c.objc; path = TakePhotoController.m; sourceTree = "<group>"; };
		DC55DA411AF0CB5200E300DB /* TakePhotoController.xib */ = {isa = PBXFileReference; fileEncoding = 4; lastKnownFileType = file.xib; path = TakePhotoController.xib; sourceTree = "<group>"; };
		DC55DA451AF0E88F00E300DB /* EAIntroPage.h */ = {isa = PBXFileReference; fileEncoding = 4; lastKnownFileType = sourcecode.c.h; path = EAIntroPage.h; sourceTree = "<group>"; };
		DC55DA461AF0E88F00E300DB /* EAIntroPage.m */ = {isa = PBXFileReference; fileEncoding = 4; lastKnownFileType = sourcecode.c.objc; path = EAIntroPage.m; sourceTree = "<group>"; };
		DC55DA471AF0E88F00E300DB /* EAIntroView.h */ = {isa = PBXFileReference; fileEncoding = 4; lastKnownFileType = sourcecode.c.h; path = EAIntroView.h; sourceTree = "<group>"; };
		DC55DA481AF0E88F00E300DB /* EAIntroView.m */ = {isa = PBXFileReference; fileEncoding = 4; lastKnownFileType = sourcecode.c.objc; path = EAIntroView.m; sourceTree = "<group>"; };
		DC55DA4B1AF0E8AD00E300DB /* WelcomeController.h */ = {isa = PBXFileReference; fileEncoding = 4; lastKnownFileType = sourcecode.c.h; path = WelcomeController.h; sourceTree = "<group>"; };
		DC55DA4C1AF0E8AD00E300DB /* WelcomeController.m */ = {isa = PBXFileReference; fileEncoding = 4; lastKnownFileType = sourcecode.c.objc; path = WelcomeController.m; sourceTree = "<group>"; };
		DC55DA531AF0EAED00E300DB /* 1.png */ = {isa = PBXFileReference; lastKnownFileType = image.png; path = 1.png; sourceTree = "<group>"; };
		DC55DA541AF0EAED00E300DB /* 2.png */ = {isa = PBXFileReference; lastKnownFileType = image.png; path = 2.png; sourceTree = "<group>"; };
		DC55DA551AF0EAED00E300DB /* 3.png */ = {isa = PBXFileReference; lastKnownFileType = image.png; path = 3.png; sourceTree = "<group>"; };
		E2A70B527298677E2B2F24B6 /* Pods.debug.xcconfig */ = {isa = PBXFileReference; includeInIndex = 1; lastKnownFileType = text.xcconfig; name = Pods.debug.xcconfig; path = "Pods/Target Support Files/Pods/Pods.debug.xcconfig"; sourceTree = "<group>"; };
/* End PBXFileReference section */

/* Begin PBXFrameworksBuildPhase section */
		049B5ABE1AE6307900FFE171 /* Frameworks */ = {
			isa = PBXFrameworksBuildPhase;
			buildActionMask = 2147483647;
			files = (
				DC55DA4E1AF0E98800E300DB /* CoreGraphics.framework in Frameworks */,
				DC26A4321AEF7F5E0053765A /* libsqlite3.dylib in Frameworks */,
				049B5B841AE6321500FFE171 /* UIKit.framework in Frameworks */,
				049B5B7E1AE631F900FFE171 /* QuartzCore.framework in Frameworks */,
				049B5B7C1AE631F100FFE171 /* CoreText.framework in Frameworks */,
				049B5B7A1AE631EA00FFE171 /* CoreData.framework in Frameworks */,
				049B5B781AE631E200FFE171 /* CoreFoundation.framework in Frameworks */,
				049B5B761AE631DB00FFE171 /* CoreTelephony.framework in Frameworks */,
				BFBFA68F31CF712B709B892D /* libPods.a in Frameworks */,
			);
			runOnlyForDeploymentPostprocessing = 0;
		};
		049B5ADA1AE6307900FFE171 /* Frameworks */ = {
			isa = PBXFrameworksBuildPhase;
			buildActionMask = 2147483647;
			files = (
			);
			runOnlyForDeploymentPostprocessing = 0;
		};
/* End PBXFrameworksBuildPhase section */

/* Begin PBXGroup section */
		0494A3B61AE73F7000AD3B11 /* classes */ = {
			isa = PBXGroup;
			children = (
				0494A3E41AE79F5800AD3B11 /* Define.h */,
				0494A3D01AE7466000AD3B11 /* bean */,
				0494A3B71AE73F8600AD3B11 /* JsonUploadData.h */,
				0494A3B81AE73F8600AD3B11 /* JsonUploadData.m */,
				0494A3D71AE7515000AD3B11 /* DecodeJsonData.h */,
				0494A3D81AE7515000AD3B11 /* DecodeJsonData.m */,
				0494A3DA1AE753F900AD3B11 /* DecodePlatFormResultProtocol.h */,
			);
			path = classes;
			sourceTree = "<group>";
		};
		0494A3D01AE7466000AD3B11 /* bean */ = {
			isa = PBXGroup;
			children = (
				0494A3D11AE746B600AD3B11 /* ActiveBean.h */,
			);
			name = bean;
			sourceTree = "<group>";
		};
		049B5AB81AE6307900FFE171 = {
			isa = PBXGroup;
			children = (
				049B5B8B1AE6325B00FFE171 /* CoreLocation.framework */,
				049B5B891AE6325400FFE171 /* SystemConfiguration.framework */,
				049B5B871AE6322500FFE171 /* MobileCoreServices.framework */,
				049B5B851AE6321D00FFE171 /* Security.framework */,
				049B5B831AE6321500FFE171 /* UIKit.framework */,
				049B5B811AE6320A00FFE171 /* Foundation.framework */,
				049B5B7F1AE6320200FFE171 /* CoreGraphics.framework */,
				049B5B7D1AE631F900FFE171 /* QuartzCore.framework */,
				049B5B7B1AE631F100FFE171 /* CoreText.framework */,
				049B5B791AE631EA00FFE171 /* CoreData.framework */,
				049B5B771AE631E200FFE171 /* CoreFoundation.framework */,
				049B5B751AE631DB00FFE171 /* CoreTelephony.framework */,
				049B5B731AE6319200FFE171 /* libsqlite3.0.dylib */,
				049B5AC31AE6307900FFE171 /* PlatfromApp */,
				049B5AE01AE6307900FFE171 /* PlatfromAppTests */,
				049B5AC21AE6307900FFE171 /* Products */,
				986A308FD32DF7209852EED0 /* Pods */,
				76984A3575798C6BD473C47E /* Frameworks */,
			);
			sourceTree = "<group>";
		};
		049B5AC21AE6307900FFE171 /* Products */ = {
			isa = PBXGroup;
			children = (
				049B5AC11AE6307900FFE171 /* PlatfromApp.app */,
				049B5ADD1AE6307900FFE171 /* PlatfromAppTests.xctest */,
			);
			name = Products;
			sourceTree = "<group>";
		};
		049B5AC31AE6307900FFE171 /* PlatfromApp */ = {
			isa = PBXGroup;
			children = (
				DC26A42C1AEF5B890053765A /* Model */,
				0494A3B61AE73F7000AD3B11 /* classes */,
				049B5C201AE65E2E00FFE171 /* 开发过程中遇到的问题 */,
				049B5C211AE65E2E00FFE171 /* 协议的使用和定义 */,
				049B5C1D1AE65DEC00FFE171 /* ViewController.h */,
				049B5C1E1AE65DEC00FFE171 /* ViewController.m */,
				049B5B9A1AE65DAB00FFE171 /* controller */,
				049B5BA81AE65DAB00FFE171 /* Images */,
				049B5BB61AE65DAB00FFE171 /* library */,
				049B5BE91AE65DAB00FFE171 /* view */,
				049B5AC81AE6307900FFE171 /* AppDelegate.h */,
				049B5AC91AE6307900FFE171 /* AppDelegate.m */,
				049B5AD41AE6307900FFE171 /* Images.xcassets */,
				049B5AD61AE6307900FFE171 /* LaunchScreen.xib */,
				049B5ACB1AE6307900FFE171 /* PlatfromApp.xcdatamodeld */,
				049B5AC41AE6307900FFE171 /* Supporting Files */,
			);
			path = PlatfromApp;
			sourceTree = "<group>";
		};
		049B5AC41AE6307900FFE171 /* Supporting Files */ = {
			isa = PBXGroup;
			children = (
				049B5AC51AE6307900FFE171 /* Info.plist */,
				049B5AC61AE6307900FFE171 /* main.m */,
			);
			name = "Supporting Files";
			sourceTree = "<group>";
		};
		049B5AE01AE6307900FFE171 /* PlatfromAppTests */ = {
			isa = PBXGroup;
			children = (
				049B5AE31AE6307900FFE171 /* PlatfromAppTests.m */,
				049B5AE11AE6307900FFE171 /* Supporting Files */,
			);
			path = PlatfromAppTests;
			sourceTree = "<group>";
		};
		049B5AE11AE6307900FFE171 /* Supporting Files */ = {
			isa = PBXGroup;
			children = (
				049B5AE21AE6307900FFE171 /* Info.plist */,
			);
			name = "Supporting Files";
			sourceTree = "<group>";
		};
		049B5B9A1AE65DAB00FFE171 /* controller */ = {
			isa = PBXGroup;
			children = (
				DC55DA441AF0E88F00E300DB /* EAIntroView */,
				DC55DA391AF0CAFC00E300DB /* takephoto */,
				DC55DA2F1AF0708700E300DB /* asyimageloadcontroller */,
				DC26A41A1AEF5B540053765A /* scroll＋head */,
				049B5B9B1AE65DAB00FFE171 /* AFNNetworkController.h */,
				049B5B9C1AE65DAB00FFE171 /* AFNNetworkController.m */,
				049B5B9D1AE65DAB00FFE171 /* HomeController.h */,
				049B5B9E1AE65DAB00FFE171 /* HomeController.m */,
				049B5B9F1AE65DAB00FFE171 /* IndexFragmentController.h */,
				049B5BA01AE65DAB00FFE171 /* IndexFragmentController.m */,
				049B5BA11AE65DAB00FFE171 /* IndexFragmentController.xib */,
				049B5BA21AE65DAB00FFE171 /* NMBottomTabBar.h */,
				049B5BA31AE65DAB00FFE171 /* NMBottomTabBar.m */,
				049B5BA41AE65DAB00FFE171 /* NMBottomTabBarController.h */,
				049B5BA51AE65DAB00FFE171 /* NMBottomTabBarController.m */,
				049B5BA61AE65DAB00FFE171 /* SqliteOperateController.h */,
				049B5BA71AE65DAB00FFE171 /* SqliteOperateController.m */,
				0494A3DD1AE77D3900AD3B11 /* HttpUtils.h */,
				0494A3DE1AE77D3900AD3B11 /* HttpUtils.m */,
				0494A3E71AE7A40300AD3B11 /* LoginController.h */,
				0494A3E81AE7A40300AD3B11 /* LoginController.m */,
				DC3C7A111AEA37A300096215 /* RegisterController.h */,
				DC3C7A121AEA37A300096215 /* RegisterController.m */,
				DC55DA4B1AF0E8AD00E300DB /* WelcomeController.h */,
				DC55DA4C1AF0E8AD00E300DB /* WelcomeController.m */,
			);
			path = controller;
			sourceTree = "<group>";
		};
		049B5BA81AE65DAB00FFE171 /* Images */ = {
			isa = PBXGroup;
			children = (
				DC55DA531AF0EAED00E300DB /* 1.png */,
				DC55DA541AF0EAED00E300DB /* 2.png */,
				DC55DA551AF0EAED00E300DB /* 3.png */,
				049B5BA91AE65DAB00FFE171 /* calendar.png */,
				049B5BAA1AE65DAB00FFE171 /* home.png */,
				049B5BAB1AE65DAB00FFE171 /* home@2x.png */,
				049B5BAC1AE65DAB00FFE171 /* profile.png */,
				049B5BAD1AE65DAB00FFE171 /* profile@2x.png */,
				049B5BAE1AE65DAB00FFE171 /* selected.jpeg */,
				049B5BAF1AE65DAB00FFE171 /* selected@2x.jpeg */,
				049B5BB01AE65DAB00FFE171 /* separator.jpg */,
				049B5BB11AE65DAB00FFE171 /* separator@2x.jpg */,
				049B5BB21AE65DAB00FFE171 /* settings.png */,
				049B5BB31AE65DAB00FFE171 /* settings@2x.png */,
				049B5BB41AE65DAB00FFE171 /* unselected.jpeg */,
				049B5BB51AE65DAB00FFE171 /* unselected@2x.jpeg */,
			);
			path = Images;
			sourceTree = "<group>";
		};
		049B5BB61AE65DAB00FFE171 /* library */ = {
			isa = PBXGroup;
			children = (
				DC26A3FC1AEF534B0053765A /* MJRefresh */,
				049B5BEA1AE65DAB00FFE171 /* GMDCircleLoader */,
				0494A3D41AE74C8600AD3B11 /* JSONKit.h */,
				0494A3D51AE74C8600AD3B11 /* JSONKit.m */,
				049B5BCB1AE65DAB00FFE171 /* fmdb */,
			);
			path = library;
			sourceTree = "<group>";
		};
		049B5BCB1AE65DAB00FFE171 /* fmdb */ = {
			isa = PBXGroup;
			children = (
				049B5BCC1AE65DAB00FFE171 /* FMDatabase.h */,
				049B5BCD1AE65DAB00FFE171 /* FMDatabase.m */,
				049B5BCE1AE65DAB00FFE171 /* FMDatabaseAdditions.h */,
				049B5BCF1AE65DAB00FFE171 /* FMDatabaseAdditions.m */,
				049B5BD01AE65DAB00FFE171 /* FMDatabasePool.h */,
				049B5BD11AE65DAB00FFE171 /* FMDatabasePool.m */,
				049B5BD21AE65DAB00FFE171 /* FMDatabaseQueue.h */,
				049B5BD31AE65DAB00FFE171 /* FMDatabaseQueue.m */,
				049B5BD41AE65DAB00FFE171 /* FMDB.h */,
				049B5BD51AE65DAB00FFE171 /* FMResultSet.h */,
				049B5BD61AE65DAB00FFE171 /* FMResultSet.m */,
			);
			path = fmdb;
			sourceTree = "<group>";
		};
		049B5BE91AE65DAB00FFE171 /* view */ = {
			isa = PBXGroup;
			children = (
				049B5BED1AE65DAB00FFE171 /* item_view.xib */,
				049B5BEE1AE65DAB00FFE171 /* MyCustromCell.h */,
				049B5BEF1AE65DAB00FFE171 /* MyCustromCell.m */,
				0494A3DB1AE77C3F00AD3B11 /* login.xib */,
				DC3C7A161AEA489600096215 /* register.xib */,
			);
			path = view;
			sourceTree = "<group>";
		};
		049B5BEA1AE65DAB00FFE171 /* GMDCircleLoader */ = {
			isa = PBXGroup;
			children = (
				049B5BEB1AE65DAB00FFE171 /* GMDCircleLoader.h */,
				049B5BEC1AE65DAB00FFE171 /* GMDCircleLoader.m */,
			);
			name = GMDCircleLoader;
			path = ../view/GMDCircleLoader;
			sourceTree = "<group>";
		};
		76984A3575798C6BD473C47E /* Frameworks */ = {
			isa = PBXGroup;
			children = (
				DC26A4311AEF7F5E0053765A /* libsqlite3.dylib */,
				38B3A237CA50FFEC7ACDC1CD /* libPods.a */,
			);
			name = Frameworks;
			sourceTree = "<group>";
		};
		986A308FD32DF7209852EED0 /* Pods */ = {
			isa = PBXGroup;
			children = (
				E2A70B527298677E2B2F24B6 /* Pods.debug.xcconfig */,
				781B3FF7E2B31D4EF7B46E8C /* Pods.release.xcconfig */,
			);
			name = Pods;
			sourceTree = "<group>";
		};
		DC26A3FC1AEF534B0053765A /* MJRefresh */ = {
			isa = PBXGroup;
			children = (
				DC26A4171AEF57FD0053765A /* MJRefreshConst.m */,
				DC26A3FD1AEF534B0053765A /* MJRefresh.bundle */,
				DC26A3FE1AEF534B0053765A /* MJRefresh.h */,
				DC26A3FF1AEF534B0053765A /* MJRefreshBaseView.h */,
				DC26A4001AEF534B0053765A /* MJRefreshBaseView.m */,
				DC26A4011AEF534B0053765A /* MJRefreshConst.h */,
				DC26A4031AEF534B0053765A /* MJRefreshFooterView.h */,
				DC26A4041AEF534B0053765A /* MJRefreshFooterView.m */,
				DC26A4051AEF534B0053765A /* MJRefreshHeaderView.h */,
				DC26A4061AEF534B0053765A /* MJRefreshHeaderView.m */,
				DC26A4071AEF534B0053765A /* UIScrollView+MJExtension.h */,
				DC26A4081AEF534B0053765A /* UIScrollView+MJExtension.m */,
				DC26A4091AEF534B0053765A /* UIScrollView+MJRefresh.h */,
				DC26A40A1AEF534B0053765A /* UIScrollView+MJRefresh.m */,
				DC26A40B1AEF534B0053765A /* UIView+MJExtension.h */,
				DC26A40C1AEF534B0053765A /* UIView+MJExtension.m */,
			);
			path = MJRefresh;
			sourceTree = "<group>";
		};
		DC26A41A1AEF5B540053765A /* scroll＋head */ = {
			isa = PBXGroup;
			children = (
				DC26A41B1AEF5B540053765A /* MJCollectionViewController.h */,
				DC26A41C1AEF5B540053765A /* MJCollectionViewController.m */,
				DC26A41D1AEF5B540053765A /* MJNavigationController.h */,
				DC26A41E1AEF5B540053765A /* MJNavigationController.m */,
				DC26A41F1AEF5B540053765A /* MJSampleIndexViewController.h */,
				DC26A4201AEF5B540053765A /* MJSampleIndexViewController.m */,
				DC26A4211AEF5B540053765A /* MJTableViewController.h */,
				DC26A4221AEF5B540053765A /* MJTableViewController.m */,
				DC26A4231AEF5B540053765A /* MJTestViewController.h */,
				DC26A4241AEF5B540053765A /* MJTestViewController.m */,
				DC26A4251AEF5B540053765A /* MJTestViewController.xib */,
			);
			path = "scroll＋head";
			sourceTree = "<group>";
		};
		DC26A42C1AEF5B890053765A /* Model */ = {
			isa = PBXGroup;
			children = (
				DC26A42D1AEF5B890053765A /* MJSampleIndex.h */,
				DC26A42E1AEF5B890053765A /* MJSampleIndex.m */,
			);
			path = Model;
			sourceTree = "<group>";
		};
		DC55DA2F1AF0708700E300DB /* asyimageloadcontroller */ = {
			isa = PBXGroup;
			children = (
				DC55DA301AF0708700E300DB /* ImageViewController.h */,
				DC55DA311AF0708700E300DB /* ImageViewController.m */,
				DC55DA321AF0708700E300DB /* MainViewController.h */,
				DC55DA331AF0708700E300DB /* MainViewController.m */,
				DC55DA341AF0708700E300DB /* TableViewController.h */,
				DC55DA351AF0708700E300DB /* TableViewController.m */,
			);
			path = asyimageloadcontroller;
			sourceTree = "<group>";
		};
		DC55DA391AF0CAFC00E300DB /* takephoto */ = {
			isa = PBXGroup;
			children = (
				DC55DA3F1AF0CB5200E300DB /* TakePhotoController.h */,
				DC55DA401AF0CB5200E300DB /* TakePhotoController.m */,
				DC55DA411AF0CB5200E300DB /* TakePhotoController.xib */,
			);
			path = takephoto;
			sourceTree = "<group>";
		};
		DC55DA441AF0E88F00E300DB /* EAIntroView */ = {
			isa = PBXGroup;
			children = (
				DC55DA451AF0E88F00E300DB /* EAIntroPage.h */,
				DC55DA461AF0E88F00E300DB /* EAIntroPage.m */,
				DC55DA471AF0E88F00E300DB /* EAIntroView.h */,
				DC55DA481AF0E88F00E300DB /* EAIntroView.m */,
			);
			path = EAIntroView;
			sourceTree = "<group>";
		};
/* End PBXGroup section */

/* Begin PBXNativeTarget section */
		049B5AC01AE6307900FFE171 /* PlatfromApp */ = {
			isa = PBXNativeTarget;
			buildConfigurationList = 049B5AE71AE6307900FFE171 /* Build configuration list for PBXNativeTarget "PlatfromApp" */;
			buildPhases = (
				283CC002F44DC273D38FA476 /* Check Pods Manifest.lock */,
				049B5ABD1AE6307900FFE171 /* Sources */,
				049B5ABE1AE6307900FFE171 /* Frameworks */,
				049B5ABF1AE6307900FFE171 /* Resources */,
				6CDC0C0588A1E8B36CF1A9CA /* Copy Pods Resources */,
			);
			buildRules = (
			);
			dependencies = (
			);
			name = PlatfromApp;
			productName = PlatfromApp;
			productReference = 049B5AC11AE6307900FFE171 /* PlatfromApp.app */;
			productType = "com.apple.product-type.application";
		};
		049B5ADC1AE6307900FFE171 /* PlatfromAppTests */ = {
			isa = PBXNativeTarget;
			buildConfigurationList = 049B5AEA1AE6307900FFE171 /* Build configuration list for PBXNativeTarget "PlatfromAppTests" */;
			buildPhases = (
				049B5AD91AE6307900FFE171 /* Sources */,
				049B5ADA1AE6307900FFE171 /* Frameworks */,
				049B5ADB1AE6307900FFE171 /* Resources */,
			);
			buildRules = (
			);
			dependencies = (
				049B5ADF1AE6307900FFE171 /* PBXTargetDependency */,
			);
			name = PlatfromAppTests;
			productName = PlatfromAppTests;
			productReference = 049B5ADD1AE6307900FFE171 /* PlatfromAppTests.xctest */;
			productType = "com.apple.product-type.bundle.unit-test";
		};
/* End PBXNativeTarget section */

/* Begin PBXProject section */
		049B5AB91AE6307900FFE171 /* Project object */ = {
			isa = PBXProject;
			attributes = {
				LastUpgradeCheck = 0610;
				ORGANIZATIONNAME = cirsqu;
				TargetAttributes = {
					049B5AC01AE6307900FFE171 = {
						CreatedOnToolsVersion = 6.1;
					};
					049B5ADC1AE6307900FFE171 = {
						CreatedOnToolsVersion = 6.1;
						TestTargetID = 049B5AC01AE6307900FFE171;
					};
				};
			};
			buildConfigurationList = 049B5ABC1AE6307900FFE171 /* Build configuration list for PBXProject "PlatfromApp" */;
			compatibilityVersion = "Xcode 3.2";
			developmentRegion = English;
			hasScannedForEncodings = 0;
			knownRegions = (
				en,
				Base,
			);
			mainGroup = 049B5AB81AE6307900FFE171;
			productRefGroup = 049B5AC21AE6307900FFE171 /* Products */;
			projectDirPath = "";
			projectRoot = "";
			targets = (
				049B5AC01AE6307900FFE171 /* PlatfromApp */,
				049B5ADC1AE6307900FFE171 /* PlatfromAppTests */,
			);
		};
/* End PBXProject section */

/* Begin PBXResourcesBuildPhase section */
		049B5ABF1AE6307900FFE171 /* Resources */ = {
			isa = PBXResourcesBuildPhase;
			buildActionMask = 2147483647;
			files = (
				DC55DA571AF0EAED00E300DB /* 2.png in Resources */,
				049B5C001AE65DAB00FFE171 /* settings.png in Resources */,
				049B5BF71AE65DAB00FFE171 /* calendar.png in Resources */,
				049B5C1B1AE65DAB00FFE171 /* item_view.xib in Resources */,
				DC55DA431AF0CB5200E300DB /* TakePhotoController.xib in Resources */,
				DC55DA561AF0EAED00E300DB /* 1.png in Resources */,
				049B5BFD1AE65DAB00FFE171 /* selected@2x.jpeg in Resources */,
				049B5BFE1AE65DAB00FFE171 /* separator.jpg in Resources */,
				049B5C011AE65DAB00FFE171 /* settings@2x.png in Resources */,
				049B5C231AE65E2E00FFE171 /* 协议的使用和定义 in Resources */,
				049B5AD81AE6307900FFE171 /* LaunchScreen.xib in Resources */,
				DC26A42B1AEF5B540053765A /* MJTestViewController.xib in Resources */,
				DC55DA581AF0EAED00E300DB /* 3.png in Resources */,
				049B5BFA1AE65DAB00FFE171 /* profile.png in Resources */,
				0494A3DC1AE77C3F00AD3B11 /* login.xib in Resources */,
				049B5BF31AE65DAB00FFE171 /* IndexFragmentController.xib in Resources */,
				049B5C221AE65E2E00FFE171 /* 开发过程中遇到的问题 in Resources */,
				049B5BFB1AE65DAB00FFE171 /* profile@2x.png in Resources */,
				DC3C7A171AEA489600096215 /* register.xib in Resources */,
				049B5BFC1AE65DAB00FFE171 /* selected.jpeg in Resources */,
				049B5BFF1AE65DAB00FFE171 /* separator@2x.jpg in Resources */,
				049B5BF81AE65DAB00FFE171 /* home.png in Resources */,
				049B5AD51AE6307900FFE171 /* Images.xcassets in Resources */,
				DC26A40D1AEF534B0053765A /* MJRefresh.bundle in Resources */,
				049B5C031AE65DAB00FFE171 /* unselected@2x.jpeg in Resources */,
				049B5BF91AE65DAB00FFE171 /* home@2x.png in Resources */,
				049B5C021AE65DAB00FFE171 /* unselected.jpeg in Resources */,
			);
			runOnlyForDeploymentPostprocessing = 0;
		};
		049B5ADB1AE6307900FFE171 /* Resources */ = {
			isa = PBXResourcesBuildPhase;
			buildActionMask = 2147483647;
			files = (
			);
			runOnlyForDeploymentPostprocessing = 0;
		};
/* End PBXResourcesBuildPhase section */

/* Begin PBXShellScriptBuildPhase section */
		283CC002F44DC273D38FA476 /* Check Pods Manifest.lock */ = {
			isa = PBXShellScriptBuildPhase;
			buildActionMask = 2147483647;
			files = (
			);
			inputPaths = (
			);
			name = "Check Pods Manifest.lock";
			outputPaths = (
			);
			runOnlyForDeploymentPostprocessing = 0;
			shellPath = /bin/sh;
			shellScript = "diff \"${PODS_ROOT}/../Podfile.lock\" \"${PODS_ROOT}/Manifest.lock\" > /dev/null\nif [[ $? != 0 ]] ; then\n    cat << EOM\nerror: The sandbox is not in sync with the Podfile.lock. Run 'pod install' or update your CocoaPods installation.\nEOM\n    exit 1\nfi\n";
			showEnvVarsInLog = 0;
		};
		6CDC0C0588A1E8B36CF1A9CA /* Copy Pods Resources */ = {
			isa = PBXShellScriptBuildPhase;
			buildActionMask = 2147483647;
			files = (
			);
			inputPaths = (
			);
			name = "Copy Pods Resources";
			outputPaths = (
			);
			runOnlyForDeploymentPostprocessing = 0;
			shellPath = /bin/sh;
			shellScript = "\"${SRCROOT}/Pods/Target Support Files/Pods/Pods-resources.sh\"\n";
			showEnvVarsInLog = 0;
		};
/* End PBXShellScriptBuildPhase section */

/* Begin PBXSourcesBuildPhase section */
		049B5ABD1AE6307900FFE171 /* Sources */ = {
			isa = PBXSourcesBuildPhase;
			buildActionMask = 2147483647;
			files = (
				049B5C1F1AE65DEC00FFE171 /* ViewController.m in Sources */,
				DC26A4281AEF5B540053765A /* MJSampleIndexViewController.m in Sources */,
				DC26A4111AEF534B0053765A /* MJRefreshHeaderView.m in Sources */,
				0494A3D61AE74C8600AD3B11 /* JSONKit.m in Sources */,
				049B5BF61AE65DAB00FFE171 /* SqliteOperateController.m in Sources */,
				DC55DA491AF0E88F00E300DB /* EAIntroPage.m in Sources */,
				DC26A4271AEF5B540053765A /* MJNavigationController.m in Sources */,
				DC26A4291AEF5B540053765A /* MJTableViewController.m in Sources */,
				DC55DA381AF0708700E300DB /* TableViewController.m in Sources */,
				DC26A40E1AEF534B0053765A /* MJRefreshBaseView.m in Sources */,
				DC26A4181AEF57FD0053765A /* MJRefreshConst.m in Sources */,
				DC26A4141AEF534B0053765A /* UIView+MJExtension.m in Sources */,
				DC26A4121AEF534B0053765A /* UIScrollView+MJExtension.m in Sources */,
				DC26A4101AEF534B0053765A /* MJRefreshFooterView.m in Sources */,
				0494A3B91AE73F8600AD3B11 /* JsonUploadData.m in Sources */,
				049B5C0D1AE65DAB00FFE171 /* FMDatabase.m in Sources */,
				049B5C0F1AE65DAB00FFE171 /* FMDatabasePool.m in Sources */,
				DC26A42F1AEF5B890053765A /* MJSampleIndex.m in Sources */,
				049B5C111AE65DAB00FFE171 /* FMResultSet.m in Sources */,
				DC55DA361AF0708700E300DB /* ImageViewController.m in Sources */,
				049B5C0E1AE65DAB00FFE171 /* FMDatabaseAdditions.m in Sources */,
				DC26A4131AEF534B0053765A /* UIScrollView+MJRefresh.m in Sources */,
				049B5BF21AE65DAB00FFE171 /* IndexFragmentController.m in Sources */,
				049B5BF01AE65DAB00FFE171 /* AFNNetworkController.m in Sources */,
				049B5ACD1AE6307900FFE171 /* PlatfromApp.xcdatamodeld in Sources */,
				049B5ACA1AE6307900FFE171 /* AppDelegate.m in Sources */,
				049B5C101AE65DAB00FFE171 /* FMDatabaseQueue.m in Sources */,
				DC55DA371AF0708700E300DB /* MainViewController.m in Sources */,
				DC55DA421AF0CB5200E300DB /* TakePhotoController.m in Sources */,
				049B5BF11AE65DAB00FFE171 /* HomeController.m in Sources */,
				049B5C1C1AE65DAB00FFE171 /* MyCustromCell.m in Sources */,
				DC55DA4D1AF0E8AD00E300DB /* WelcomeController.m in Sources */,
				DC3C7A131AEA37A300096215 /* RegisterController.m in Sources */,
				049B5BF51AE65DAB00FFE171 /* NMBottomTabBarController.m in Sources */,
				049B5AC71AE6307900FFE171 /* main.m in Sources */,
				DC26A42A1AEF5B540053765A /* MJTestViewController.m in Sources */,
				0494A3D91AE7515000AD3B11 /* DecodeJsonData.m in Sources */,
				049B5C1A1AE65DAB00FFE171 /* GMDCircleLoader.m in Sources */,
				0494A3E91AE7A40300AD3B11 /* LoginController.m in Sources */,
				DC26A4261AEF5B540053765A /* MJCollectionViewController.m in Sources */,
				049B5BF41AE65DAB00FFE171 /* NMBottomTabBar.m in Sources */,
				0494A3DF1AE77D3900AD3B11 /* HttpUtils.m in Sources */,
				DC55DA4A1AF0E88F00E300DB /* EAIntroView.m in Sources */,
			);
			runOnlyForDeploymentPostprocessing = 0;
		};
		049B5AD91AE6307900FFE171 /* Sources */ = {
			isa = PBXSourcesBuildPhase;
			buildActionMask = 2147483647;
			files = (
				049B5AE41AE6307900FFE171 /* PlatfromAppTests.m in Sources */,
			);
			runOnlyForDeploymentPostprocessing = 0;
		};
/* End PBXSourcesBuildPhase section */

/* Begin PBXTargetDependency section */
		049B5ADF1AE6307900FFE171 /* PBXTargetDependency */ = {
			isa = PBXTargetDependency;
			target = 049B5AC01AE6307900FFE171 /* PlatfromApp */;
			targetProxy = 049B5ADE1AE6307900FFE171 /* PBXContainerItemProxy */;
		};
/* End PBXTargetDependency section */

/* Begin PBXVariantGroup section */
		049B5AD61AE6307900FFE171 /* LaunchScreen.xib */ = {
			isa = PBXVariantGroup;
			children = (
				049B5AD71AE6307900FFE171 /* Base */,
			);
			name = LaunchScreen.xib;
			sourceTree = "<group>";
		};
/* End PBXVariantGroup section */

/* Begin XCBuildConfiguration section */
		049B5AE51AE6307900FFE171 /* Debug */ = {
			isa = XCBuildConfiguration;
			buildSettings = {
				ALWAYS_SEARCH_USER_PATHS = NO;
				CLANG_CXX_LANGUAGE_STANDARD = "gnu++0x";
				CLANG_CXX_LIBRARY = "libc++";
				CLANG_ENABLE_MODULES = YES;
				CLANG_ENABLE_OBJC_ARC = YES;
				CLANG_WARN_BOOL_CONVERSION = YES;
				CLANG_WARN_CONSTANT_CONVERSION = YES;
				CLANG_WARN_DIRECT_OBJC_ISA_USAGE = YES_ERROR;
				CLANG_WARN_EMPTY_BODY = YES;
				CLANG_WARN_ENUM_CONVERSION = YES;
				CLANG_WARN_INT_CONVERSION = YES;
				CLANG_WARN_OBJC_ROOT_CLASS = YES_ERROR;
				CLANG_WARN_UNREACHABLE_CODE = YES;
				CLANG_WARN__DUPLICATE_METHOD_MATCH = YES;
				"CODE_SIGN_IDENTITY[sdk=iphoneos*]" = "iPhone Developer";
				COPY_PHASE_STRIP = NO;
				ENABLE_STRICT_OBJC_MSGSEND = YES;
				GCC_C_LANGUAGE_STANDARD = gnu99;
				GCC_DYNAMIC_NO_PIC = NO;
				GCC_OPTIMIZATION_LEVEL = 0;
				GCC_PREPROCESSOR_DEFINITIONS = (
					"DEBUG=1",
					"$(inherited)",
				);
				GCC_SYMBOLS_PRIVATE_EXTERN = NO;
				GCC_WARN_64_TO_32_BIT_CONVERSION = YES;
				GCC_WARN_ABOUT_RETURN_TYPE = YES_ERROR;
				GCC_WARN_UNDECLARED_SELECTOR = YES;
				GCC_WARN_UNINITIALIZED_AUTOS = YES_AGGRESSIVE;
				GCC_WARN_UNUSED_FUNCTION = YES;
				GCC_WARN_UNUSED_VARIABLE = YES;
				IPHONEOS_DEPLOYMENT_TARGET = 8.1;
				MTL_ENABLE_DEBUG_INFO = YES;
				ONLY_ACTIVE_ARCH = YES;
				SDKROOT = iphoneos;
			};
			name = Debug;
		};
		049B5AE61AE6307900FFE171 /* Release */ = {
			isa = XCBuildConfiguration;
			buildSettings = {
				ALWAYS_SEARCH_USER_PATHS = NO;
				CLANG_CXX_LANGUAGE_STANDARD = "gnu++0x";
				CLANG_CXX_LIBRARY = "libc++";
				CLANG_ENABLE_MODULES = YES;
				CLANG_ENABLE_OBJC_ARC = YES;
				CLANG_WARN_BOOL_CONVERSION = YES;
				CLANG_WARN_CONSTANT_CONVERSION = YES;
				CLANG_WARN_DIRECT_OBJC_ISA_USAGE = YES_ERROR;
				CLANG_WARN_EMPTY_BODY = YES;
				CLANG_WARN_ENUM_CONVERSION = YES;
				CLANG_WARN_INT_CONVERSION = YES;
				CLANG_WARN_OBJC_ROOT_CLASS = YES_ERROR;
				CLANG_WARN_UNREACHABLE_CODE = YES;
				CLANG_WARN__DUPLICATE_METHOD_MATCH = YES;
				"CODE_SIGN_IDENTITY[sdk=iphoneos*]" = "iPhone Developer";
				COPY_PHASE_STRIP = YES;
				ENABLE_NS_ASSERTIONS = NO;
				ENABLE_STRICT_OBJC_MSGSEND = YES;
				GCC_C_LANGUAGE_STANDARD = gnu99;
				GCC_WARN_64_TO_32_BIT_CONVERSION = YES;
				GCC_WARN_ABOUT_RETURN_TYPE = YES_ERROR;
				GCC_WARN_UNDECLARED_SELECTOR = YES;
				GCC_WARN_UNINITIALIZED_AUTOS = YES_AGGRESSIVE;
				GCC_WARN_UNUSED_FUNCTION = YES;
				GCC_WARN_UNUSED_VARIABLE = YES;
				IPHONEOS_DEPLOYMENT_TARGET = 8.1;
				MTL_ENABLE_DEBUG_INFO = NO;
				SDKROOT = iphoneos;
				VALIDATE_PRODUCT = YES;
			};
			name = Release;
		};
		049B5AE81AE6307900FFE171 /* Debug */ = {
			isa = XCBuildConfiguration;
			baseConfigurationReference = E2A70B527298677E2B2F24B6 /* Pods.debug.xcconfig */;
			buildSettings = {
				ASSETCATALOG_COMPILER_APPICON_NAME = AppIcon;
				ENABLE_STRICT_OBJC_MSGSEND = NO;
				INFOPLIST_FILE = PlatfromApp/Info.plist;
				LD_RUNPATH_SEARCH_PATHS = "$(inherited) @executable_path/Frameworks";
				PRODUCT_NAME = "$(TARGET_NAME)";
			};
			name = Debug;
		};
		049B5AE91AE6307900FFE171 /* Release */ = {
			isa = XCBuildConfiguration;
			baseConfigurationReference = 781B3FF7E2B31D4EF7B46E8C /* Pods.release.xcconfig */;
			buildSettings = {
				ASSETCATALOG_COMPILER_APPICON_NAME = AppIcon;
				ENABLE_STRICT_OBJC_MSGSEND = NO;
				INFOPLIST_FILE = PlatfromApp/Info.plist;
				LD_RUNPATH_SEARCH_PATHS = "$(inherited) @executable_path/Frameworks";
				PRODUCT_NAME = "$(TARGET_NAME)";
			};
			name = Release;
		};
		049B5AEB1AE6307900FFE171 /* Debug */ = {
			isa = XCBuildConfiguration;
			buildSettings = {
				BUNDLE_LOADER = "$(TEST_HOST)";
				FRAMEWORK_SEARCH_PATHS = (
					"$(SDKROOT)/Developer/Library/Frameworks",
					"$(inherited)",
				);
				GCC_PREPROCESSOR_DEFINITIONS = (
					"DEBUG=1",
					"$(inherited)",
				);
				INFOPLIST_FILE = PlatfromAppTests/Info.plist;
				LD_RUNPATH_SEARCH_PATHS = "$(inherited) @executable_path/Frameworks @loader_path/Frameworks";
				PRODUCT_NAME = "$(TARGET_NAME)";
				TEST_HOST = "$(BUILT_PRODUCTS_DIR)/PlatfromApp.app/PlatfromApp";
			};
			name = Debug;
		};
		049B5AEC1AE6307900FFE171 /* Release */ = {
			isa = XCBuildConfiguration;
			buildSettings = {
				BUNDLE_LOADER = "$(TEST_HOST)";
				FRAMEWORK_SEARCH_PATHS = (
					"$(SDKROOT)/Developer/Library/Frameworks",
					"$(inherited)",
				);
				INFOPLIST_FILE = PlatfromAppTests/Info.plist;
				LD_RUNPATH_SEARCH_PATHS = "$(inherited) @executable_path/Frameworks @loader_path/Frameworks";
				PRODUCT_NAME = "$(TARGET_NAME)";
				TEST_HOST = "$(BUILT_PRODUCTS_DIR)/PlatfromApp.app/PlatfromApp";
			};
			name = Release;
		};
/* End XCBuildConfiguration section */

/* Begin XCConfigurationList section */
		049B5ABC1AE6307900FFE171 /* Build configuration list for PBXProject "PlatfromApp" */ = {
			isa = XCConfigurationList;
			buildConfigurations = (
				049B5AE51AE6307900FFE171 /* Debug */,
				049B5AE61AE6307900FFE171 /* Release */,
			);
			defaultConfigurationIsVisible = 0;
			defaultConfigurationName = Release;
		};
		049B5AE71AE6307900FFE171 /* Build configuration list for PBXNativeTarget "PlatfromApp" */ = {
			isa = XCConfigurationList;
			buildConfigurations = (
				049B5AE81AE6307900FFE171 /* Debug */,
				049B5AE91AE6307900FFE171 /* Release */,
			);
			defaultConfigurationIsVisible = 0;
			defaultConfigurationName = Release;
		};
		049B5AEA1AE6307900FFE171 /* Build configuration list for PBXNativeTarget "PlatfromAppTests" */ = {
			isa = XCConfigurationList;
			buildConfigurations = (
				049B5AEB1AE6307900FFE171 /* Debug */,
				049B5AEC1AE6307900FFE171 /* Release */,
			);
			defaultConfigurationIsVisible = 0;
			defaultConfigurationName = Release;
		};
/* End XCConfigurationList section */

/* Begin XCVersionGroup section */
		049B5ACB1AE6307900FFE171 /* PlatfromApp.xcdatamodeld */ = {
			isa = XCVersionGroup;
			children = (
				049B5ACC1AE6307900FFE171 /* PlatfromApp.xcdatamodel */,
			);
			currentVersion = 049B5ACC1AE6307900FFE171 /* PlatfromApp.xcdatamodel */;
			path = PlatfromApp.xcdatamodeld;
			sourceTree = "<group>";
			versionGroupType = wrapper.xcdatamodel;
		};
/* End XCVersionGroup section */
	};
	rootObject = 049B5AB91AE6307900FFE171 /* Project object */;
}
